// !$*UTF8*$!
{
	archiveVersion = 1;
	classes = {
	};
	objectVersion = 50;
	objects = {

/* Begin PBXBuildFile section */
		721BF9EB22BD96F600E4F815 /* AppDelegate.swift in Sources */ = {isa = PBXBuildFile; fileRef = 721BF9EA22BD96F600E4F815 /* AppDelegate.swift */; };
		721BF9ED22BD96F600E4F815 /* SceneDelegate.swift in Sources */ = {isa = PBXBuildFile; fileRef = 721BF9EC22BD96F600E4F815 /* SceneDelegate.swift */; };
		721BF9EF22BD96F600E4F815 /* PlayerView.swift in Sources */ = {isa = PBXBuildFile; fileRef = 721BF9EE22BD96F600E4F815 /* PlayerView.swift */; };
		721BF9F122BD96F700E4F815 /* Assets.xcassets in Resources */ = {isa = PBXBuildFile; fileRef = 721BF9F022BD96F700E4F815 /* Assets.xcassets */; };
		721BF9F422BD96F700E4F815 /* Preview Assets.xcassets in Resources */ = {isa = PBXBuildFile; fileRef = 721BF9F322BD96F700E4F815 /* Preview Assets.xcassets */; };
		721BF9F722BD96F700E4F815 /* LaunchScreen.storyboard in Resources */ = {isa = PBXBuildFile; fileRef = 721BF9F522BD96F700E4F815 /* LaunchScreen.storyboard */; };
		721BFA0222BD96F700E4F815 /* MusicPlayerTests.swift in Sources */ = {isa = PBXBuildFile; fileRef = 721BFA0122BD96F700E4F815 /* MusicPlayerTests.swift */; };
		7220A9BF22C04C42006881C2 /* Library.swift in Sources */ = {isa = PBXBuildFile; fileRef = 7220A9BE22C04C42006881C2 /* Library.swift */; };
		72D3DAC722C8039600245EA3 /* MusicLibrary.swift in Sources */ = {isa = PBXBuildFile; fileRef = 72D3DAC622C8039600245EA3 /* MusicLibrary.swift */; };
/* End PBXBuildFile section */

/* Begin PBXContainerItemProxy section */
		721BF9FE22BD96F700E4F815 /* PBXContainerItemProxy */ = {
			isa = PBXContainerItemProxy;
			containerPortal = 721BF9DF22BD96F600E4F815 /* Project object */;
			proxyType = 1;
			remoteGlobalIDString = 721BF9E622BD96F600E4F815;
			remoteInfo = MusicPlayer;
		};
/* End PBXContainerItemProxy section */

/* Begin PBXFileReference section */
		721BF9E722BD96F600E4F815 /* MusicPlayer.app */ = {isa = PBXFileReference; explicitFileType = wrapper.application; includeInIndex = 0; path = MusicPlayer.app; sourceTree = BUILT_PRODUCTS_DIR; };
		721BF9EA22BD96F600E4F815 /* AppDelegate.swift */ = {isa = PBXFileReference; lastKnownFileType = sourcecode.swift; path = AppDelegate.swift; sourceTree = "<group>"; };
		721BF9EC22BD96F600E4F815 /* SceneDelegate.swift */ = {isa = PBXFileReference; lastKnownFileType = sourcecode.swift; path = SceneDelegate.swift; sourceTree = "<group>"; };
		721BF9EE22BD96F600E4F815 /* PlayerView.swift */ = {isa = PBXFileReference; lastKnownFileType = sourcecode.swift; path = PlayerView.swift; sourceTree = "<group>"; };
		721BF9F022BD96F700E4F815 /* Assets.xcassets */ = {isa = PBXFileReference; lastKnownFileType = folder.assetcatalog; path = Assets.xcassets; sourceTree = "<group>"; };
		721BF9F322BD96F700E4F815 /* Preview Assets.xcassets */ = {isa = PBXFileReference; lastKnownFileType = folder.assetcatalog; path = "Preview Assets.xcassets"; sourceTree = "<group>"; };
		721BF9F622BD96F700E4F815 /* Base */ = {isa = PBXFileReference; lastKnownFileType = file.storyboard; name = Base; path = Base.lproj/LaunchScreen.storyboard; sourceTree = "<group>"; };
		721BF9F822BD96F700E4F815 /* Info.plist */ = {isa = PBXFileReference; lastKnownFileType = text.plist.xml; path = Info.plist; sourceTree = "<group>"; };
		721BF9FD22BD96F700E4F815 /* MusicPlayerTests.xctest */ = {isa = PBXFileReference; explicitFileType = wrapper.cfbundle; includeInIndex = 0; path = MusicPlayerTests.xctest; sourceTree = BUILT_PRODUCTS_DIR; };
		721BFA0122BD96F700E4F815 /* MusicPlayerTests.swift */ = {isa = PBXFileReference; lastKnownFileType = sourcecode.swift; path = MusicPlayerTests.swift; sourceTree = "<group>"; };
		721BFA0322BD96F700E4F815 /* Info.plist */ = {isa = PBXFileReference; lastKnownFileType = text.plist.xml; path = Info.plist; sourceTree = "<group>"; };
		7220A9BE22C04C42006881C2 /* Library.swift */ = {isa = PBXFileReference; lastKnownFileType = sourcecode.swift; path = Library.swift; sourceTree = "<group>"; };
		72D3DAC622C8039600245EA3 /* MusicLibrary.swift */ = {isa = PBXFileReference; lastKnownFileType = sourcecode.swift; path = MusicLibrary.swift; sourceTree = "<group>"; };
/* End PBXFileReference section */

/* Begin PBXFrameworksBuildPhase section */
		721BF9E422BD96F600E4F815 /* Frameworks */ = {
			isa = PBXFrameworksBuildPhase;
			buildActionMask = 2147483647;
			files = (
			);
			runOnlyForDeploymentPostprocessing = 0;
		};
		721BF9FA22BD96F700E4F815 /* Frameworks */ = {
			isa = PBXFrameworksBuildPhase;
			buildActionMask = 2147483647;
			files = (
			);
			runOnlyForDeploymentPostprocessing = 0;
		};
/* End PBXFrameworksBuildPhase section */

/* Begin PBXGroup section */
		721BF9DE22BD96F600E4F815 = {
			isa = PBXGroup;
			children = (
				721BF9E922BD96F600E4F815 /* MusicPlayer */,
				721BFA0022BD96F700E4F815 /* MusicPlayerTests */,
				721BF9E822BD96F600E4F815 /* Products */,
			);
			sourceTree = "<group>";
		};
		721BF9E822BD96F600E4F815 /* Products */ = {
			isa = PBXGroup;
			children = (
				721BF9E722BD96F600E4F815 /* MusicPlayer.app */,
				721BF9FD22BD96F700E4F815 /* MusicPlayerTests.xctest */,
			);
			name = Products;
			sourceTree = "<group>";
		};
		721BF9E922BD96F600E4F815 /* MusicPlayer */ = {
			isa = PBXGroup;
			children = (
				721BF9EA22BD96F600E4F815 /* AppDelegate.swift */,
				721BF9EC22BD96F600E4F815 /* SceneDelegate.swift */,
				721BF9EE22BD96F600E4F815 /* PlayerView.swift */,
				72D3DAC622C8039600245EA3 /* MusicLibrary.swift */,
				721BF9F022BD96F700E4F815 /* Assets.xcassets */,
				721BF9F522BD96F700E4F815 /* LaunchScreen.storyboard */,
				721BF9F822BD96F700E4F815 /* Info.plist */,
				721BF9F222BD96F700E4F815 /* Preview Content */,
				7220A9BE22C04C42006881C2 /* Library.swift */,
			);
			path = MusicPlayer;
			sourceTree = "<group>";
		};
		721BF9F222BD96F700E4F815 /* Preview Content */ = {
			isa = PBXGroup;
			children = (
				721BF9F322BD96F700E4F815 /* Preview Assets.xcassets */,
			);
			path = "Preview Content";
			sourceTree = "<group>";
		};
		721BFA0022BD96F700E4F815 /* MusicPlayerTests */ = {
			isa = PBXGroup;
			children = (
				721BFA0122BD96F700E4F815 /* MusicPlayerTests.swift */,
				721BFA0322BD96F700E4F815 /* Info.plist */,
			);
			path = MusicPlayerTests;
			sourceTree = "<group>";
		};
/* End PBXGroup section */

/* Begin PBXNativeTarget section */
		721BF9E622BD96F600E4F815 /* MusicPlayer */ = {
			isa = PBXNativeTarget;
			buildConfigurationList = 721BFA0622BD96F700E4F815 /* Build configuration list for PBXNativeTarget "MusicPlayer" */;
			buildPhases = (
				721BF9E322BD96F600E4F815 /* Sources */,
				721BF9E422BD96F600E4F815 /* Frameworks */,
				721BF9E522BD96F600E4F815 /* Resources */,
			);
			buildRules = (
			);
			dependencies = (
			);
			name = MusicPlayer;
			productName = MusicPlayer;
			productReference = 721BF9E722BD96F600E4F815 /* MusicPlayer.app */;
			productType = "com.apple.product-type.application";
		};
		721BF9FC22BD96F700E4F815 /* MusicPlayerTests */ = {
			isa = PBXNativeTarget;
			buildConfigurationList = 721BFA0922BD96F700E4F815 /* Build configuration list for PBXNativeTarget "MusicPlayerTests" */;
			buildPhases = (
				721BF9F922BD96F700E4F815 /* Sources */,
				721BF9FA22BD96F700E4F815 /* Frameworks */,
				721BF9FB22BD96F700E4F815 /* Resources */,
			);
			buildRules = (
			);
			dependencies = (
				721BF9FF22BD96F700E4F815 /* PBXTargetDependency */,
			);
			name = MusicPlayerTests;
			productName = MusicPlayerTests;
			productReference = 721BF9FD22BD96F700E4F815 /* MusicPlayerTests.xctest */;
			productType = "com.apple.product-type.bundle.unit-test";
		};
/* End PBXNativeTarget section */

/* Begin PBXProject section */
		721BF9DF22BD96F600E4F815 /* Project object */ = {
			isa = PBXProject;
			attributes = {
				LastSwiftUpdateCheck = 1100;
				LastUpgradeCheck = 1100;
				ORGANIZATIONNAME = "Marlow Charite";
				TargetAttributes = {
					721BF9E622BD96F600E4F815 = {
						CreatedOnToolsVersion = 11.0;
					};
					721BF9FC22BD96F700E4F815 = {
						CreatedOnToolsVersion = 11.0;
						TestTargetID = 721BF9E622BD96F600E4F815;
					};
				};
			};
			buildConfigurationList = 721BF9E222BD96F600E4F815 /* Build configuration list for PBXProject "MusicPlayer" */;
			compatibilityVersion = "Xcode 9.3";
			developmentRegion = en;
			hasScannedForEncodings = 0;
			knownRegions = (
				en,
				Base,
			);
			mainGroup = 721BF9DE22BD96F600E4F815;
			productRefGroup = 721BF9E822BD96F600E4F815 /* Products */;
			projectDirPath = "";
			projectRoot = "";
			targets = (
				721BF9E622BD96F600E4F815 /* MusicPlayer */,
				721BF9FC22BD96F700E4F815 /* MusicPlayerTests */,
			);
		};
/* End PBXProject section */

/* Begin PBXResourcesBuildPhase section */
		721BF9E522BD96F600E4F815 /* Resources */ = {
			isa = PBXResourcesBuildPhase;
			buildActionMask = 2147483647;
			files = (
				721BF9F722BD96F700E4F815 /* LaunchScreen.storyboard in Resources */,
				721BF9F422BD96F700E4F815 /* Preview Assets.xcassets in Resources */,
				721BF9F122BD96F700E4F815 /* Assets.xcassets in Resources */,
			);
			runOnlyForDeploymentPostprocessing = 0;
		};
		721BF9FB22BD96F700E4F815 /* Resources */ = {
			isa = PBXResourcesBuildPhase;
			buildActionMask = 2147483647;
			files = (
			);
			runOnlyForDeploymentPostprocessing = 0;
		};
/* End PBXResourcesBuildPhase section */

/* Begin PBXSourcesBuildPhase section */
		721BF9E322BD96F600E4F815 /* Sources */ = {
			isa = PBXSourcesBuildPhase;
			buildActionMask = 2147483647;
			files = (
				721BF9EB22BD96F600E4F815 /* AppDelegate.swift in Sources */,
				7220A9BF22C04C42006881C2 /* Library.swift in Sources */,
				721BF9ED22BD96F600E4F815 /* SceneDelegate.swift in Sources */,
				72D3DAC722C8039600245EA3 /* MusicLibrary.swift in Sources */,
				721BF9EF22BD96F600E4F815 /* PlayerView.swift in Sources */,
			);
			runOnlyForDeploymentPostprocessing = 0;
		};
		721BF9F922BD96F700E4F815 /* Sources */ = {
			isa = PBXSourcesBuildPhase;
			buildActionMask = 2147483647;
			files = (
				721BFA0222BD96F700E4F815 /* MusicPlayerTests.swift in Sources */,
			);
			runOnlyForDeploymentPostprocessing = 0;
		};
/* End PBXSourcesBuildPhase section */

/* Begin PBXTargetDependency section */
		721BF9FF22BD96F700E4F815 /* PBXTargetDependency */ = {
			isa = PBXTargetDependency;
			target = 721BF9E622BD96F600E4F815 /* MusicPlayer */;
			targetProxy = 721BF9FE22BD96F700E4F815 /* PBXContainerItemProxy */;
		};
/* End PBXTargetDependency section */

/* Begin PBXVariantGroup section */
		721BF9F522BD96F700E4F815 /* LaunchScreen.storyboard */ = {
			isa = PBXVariantGroup;
			children = (
				721BF9F622BD96F700E4F815 /* Base */,
			);
			name = LaunchScreen.storyboard;
			sourceTree = "<group>";
		};
/* End PBXVariantGroup section */

/* Begin XCBuildConfiguration section */
		721BFA0422BD96F700E4F815 /* Debug */ = {
			isa = XCBuildConfiguration;
			buildSettings = {
				ALWAYS_SEARCH_USER_PATHS = NO;
				CLANG_ANALYZER_NONNULL = YES;
				CLANG_ANALYZER_NUMBER_OBJECT_CONVERSION = YES_AGGRESSIVE;
				CLANG_CXX_LANGUAGE_STANDARD = "gnu++14";
				CLANG_CXX_LIBRARY = "libc++";
				CLANG_ENABLE_MODULES = YES;
				CLANG_ENABLE_OBJC_ARC = YES;
				CLANG_ENABLE_OBJC_WEAK = YES;
				CLANG_WARN_BLOCK_CAPTURE_AUTORELEASING = YES;
				CLANG_WARN_BOOL_CONVERSION = YES;
				CLANG_WARN_COMMA = YES;
				CLANG_WARN_CONSTANT_CONVERSION = YES;
				CLANG_WARN_DEPRECATED_OBJC_IMPLEMENTATIONS = YES;
				CLANG_WARN_DIRECT_OBJC_ISA_USAGE = YES_ERROR;
				CLANG_WARN_DOCUMENTATION_COMMENTS = YES;
				CLANG_WARN_EMPTY_BODY = YES;
				CLANG_WARN_ENUM_CONVERSION = YES;
				CLANG_WARN_INFINITE_RECURSION = YES;
				CLANG_WARN_INT_CONVERSION = YES;
				CLANG_WARN_NON_LITERAL_NULL_CONVERSION = YES;
				CLANG_WARN_OBJC_IMPLICIT_RETAIN_SELF = YES;
				CLANG_WARN_OBJC_LITERAL_CONVERSION = YES;
				CLANG_WARN_OBJC_ROOT_CLASS = YES_ERROR;
				CLANG_WARN_RANGE_LOOP_ANALYSIS = YES;
				CLANG_WARN_STRICT_PROTOTYPES = YES;
				CLANG_WARN_SUSPICIOUS_MOVE = YES;
				CLANG_WARN_UNGUARDED_AVAILABILITY = YES_AGGRESSIVE;
				CLANG_WARN_UNREACHABLE_CODE = YES;
				CLANG_WARN__DUPLICATE_METHOD_MATCH = YES;
				COPY_PHASE_STRIP = NO;
				DEBUG_INFORMATION_FORMAT = dwarf;
				ENABLE_STRICT_OBJC_MSGSEND = YES;
				ENABLE_TESTABILITY = YES;
				GCC_C_LANGUAGE_STANDARD = gnu11;
				GCC_DYNAMIC_NO_PIC = NO;
				GCC_NO_COMMON_BLOCKS = YES;
				GCC_OPTIMIZATION_LEVEL = 0;
				GCC_PREPROCESSOR_DEFINITIONS = (
					"DEBUG=1",
					"$(inherited)",
				);
				GCC_WARN_64_TO_32_BIT_CONVERSION = YES;
				GCC_WARN_ABOUT_RETURN_TYPE = YES_ERROR;
				GCC_WARN_UNDECLARED_SELECTOR = YES;
				GCC_WARN_UNINITIALIZED_AUTOS = YES_AGGRESSIVE;
				GCC_WARN_UNUSED_FUNCTION = YES;
				GCC_WARN_UNUSED_VARIABLE = YES;
				IPHONEOS_DEPLOYMENT_TARGET = 13.0;
				MTL_ENABLE_DEBUG_INFO = INCLUDE_SOURCE;
				MTL_FAST_MATH = YES;
				ONLY_ACTIVE_ARCH = YES;
				SDKROOT = iphoneos;
				SWIFT_ACTIVE_COMPILATION_CONDITIONS = DEBUG;
				SWIFT_OPTIMIZATION_LEVEL = "-Onone";
			};
			name = Debug;
		};
		721BFA0522BD96F700E4F815 /* Release */ = {
			isa = XCBuildConfiguration;
			buildSettings = {
				ALWAYS_SEARCH_USER_PATHS = NO;
				CLANG_ANALYZER_NONNULL = YES;
				CLANG_ANALYZER_NUMBER_OBJECT_CONVERSION = YES_AGGRESSIVE;
				CLANG_CXX_LANGUAGE_STANDARD = "gnu++14";
				CLANG_CXX_LIBRARY = "libc++";
				CLANG_ENABLE_MODULES = YES;
				CLANG_ENABLE_OBJC_ARC = YES;
				CLANG_ENABLE_OBJC_WEAK = YES;
				CLANG_WARN_BLOCK_CAPTURE_AUTORELEASING = YES;
				CLANG_WARN_BOOL_CONVERSION = YES;
				CLANG_WARN_COMMA = YES;
				CLANG_WARN_CONSTANT_CONVERSION = YES;
				CLANG_WARN_DEPRECATED_OBJC_IMPLEMENTATIONS = YES;
				CLANG_WARN_DIRECT_OBJC_ISA_USAGE = YES_ERROR;
				CLANG_WARN_DOCUMENTATION_COMMENTS = YES;
				CLANG_WARN_EMPTY_BODY = YES;
				CLANG_WARN_ENUM_CONVERSION = YES;
				CLANG_WARN_INFINITE_RECURSION = YES;
				CLANG_WARN_INT_CONVERSION = YES;
				CLANG_WARN_NON_LITERAL_NULL_CONVERSION = YES;
				CLANG_WARN_OBJC_IMPLICIT_RETAIN_SELF = YES;
				CLANG_WARN_OBJC_LITERAL_CONVERSION = YES;
				CLANG_WARN_OBJC_ROOT_CLASS = YES_ERROR;
				CLANG_WARN_RANGE_LOOP_ANALYSIS = YES;
				CLANG_WARN_STRICT_PROTOTYPES = YES;
				CLANG_WARN_SUSPICIOUS_MOVE = YES;
				CLANG_WARN_UNGUARDED_AVAILABILITY = YES_AGGRESSIVE;
				CLANG_WARN_UNREACHABLE_CODE = YES;
				CLANG_WARN__DUPLICATE_METHOD_MATCH = YES;
				COPY_PHASE_STRIP = NO;
				DEBUG_INFORMATION_FORMAT = "dwarf-with-dsym";
				ENABLE_NS_ASSERTIONS = NO;
				ENABLE_STRICT_OBJC_MSGSEND = YES;
				GCC_C_LANGUAGE_STANDARD = gnu11;
				GCC_NO_COMMON_BLOCKS = YES;
				GCC_WARN_64_TO_32_BIT_CONVERSION = YES;
				GCC_WARN_ABOUT_RETURN_TYPE = YES_ERROR;
				GCC_WARN_UNDECLARED_SELECTOR = YES;
				GCC_WARN_UNINITIALIZED_AUTOS = YES_AGGRESSIVE;
				GCC_WARN_UNUSED_FUNCTION = YES;
				GCC_WARN_UNUSED_VARIABLE = YES;
				IPHONEOS_DEPLOYMENT_TARGET = 13.0;
				MTL_ENABLE_DEBUG_INFO = NO;
				MTL_FAST_MATH = YES;
				SDKROOT = iphoneos;
				SWIFT_COMPILATION_MODE = wholemodule;
				SWIFT_OPTIMIZATION_LEVEL = "-O";
				VALIDATE_PRODUCT = YES;
			};
			name = Release;
		};
		721BFA0722BD96F700E4F815 /* Debug */ = {
			isa = XCBuildConfiguration;
			buildSettings = {
				ASSETCATALOG_COMPILER_APPICON_NAME = AppIcon;
				CODE_SIGN_STYLE = Automatic;
				DEVELOPMENT_ASSET_PATHS = "MusicPlayer/Preview\\ Content";
				DEVELOPMENT_TEAM = URKTB657MQ;
				ENABLE_PREVIEWS = YES;
				INFOPLIST_FILE = MusicPlayer/Info.plist;
				LD_RUNPATH_SEARCH_PATHS = (
					"$(inherited)",
					"@executable_path/Frameworks",
				);
				PRODUCT_BUNDLE_IDENTIFIER = com.gryphonmedia.MusicPlayer;
				PRODUCT_NAME = "$(TARGET_NAME)";
				SWIFT_VERSION = 5.0;
				TARGETED_DEVICE_FAMILY = "1,2";
			};
			name = Debug;
		};
		721BFA0822BD96F700E4F815 /* Release */ = {
			isa = XCBuildConfiguration;
			buildSettings = {
				ASSETCATALOG_COMPILER_APPICON_NAME = AppIcon;
				CODE_SIGN_STYLE = Automatic;
				DEVELOPMENT_ASSET_PATHS = "MusicPlayer/Preview\\ Content";
				DEVELOPMENT_TEAM = URKTB657MQ;
				ENABLE_PREVIEWS = YES;
				INFOPLIST_FILE = MusicPlayer/Info.plist;
				LD_RUNPATH_SEARCH_PATHS = (
					"$(inherited)",
					"@executable_path/Frameworks",
				);
				PRODUCT_BUNDLE_IDENTIFIER = com.gryphonmedia.MusicPlayer;
				PRODUCT_NAME = "$(TARGET_NAME)";
				SWIFT_VERSION = 5.0;
				TARGETED_DEVICE_FAMILY = "1,2";
			};
			name = Release;
		};
		721BFA0A22BD96F700E4F815 /* Debug */ = {
			isa = XCBuildConfiguration;
			buildSettings = {
				ALWAYS_EMBED_SWIFT_STANDARD_LIBRARIES = YES;
				BUNDLE_LOADER = "$(TEST_HOST)";
				CODE_SIGN_STYLE = Automatic;
				DEVELOPMENT_TEAM = URKTB657MQ;
				INFOPLIST_FILE = MusicPlayerTests/Info.plist;
				LD_RUNPATH_SEARCH_PATHS = (
					"$(inherited)",
					"@executable_path/Frameworks",
					"@loader_path/Frameworks",
				);
				PRODUCT_BUNDLE_IDENTIFIER = com.gryphonmedia.MusicPlayerTests;
				PRODUCT_NAME = "$(TARGET_NAME)";
				SWIFT_VERSION = 5.0;
				TARGETED_DEVICE_FAMILY = "1,2";
				TEST_HOST = "$(BUILT_PRODUCTS_DIR)/MusicPlayer.app/MusicPlayer";
			};
			name = Debug;
		};
		721BFA0B22BD96F700E4F815 /* Release */ = {
			isa = XCBuildConfiguration;
			buildSettings = {
				ALWAYS_EMBED_SWIFT_STANDARD_LIBRARIES = YES;
				BUNDLE_LOADER = "$(TEST_HOST)";
				CODE_SIGN_STYLE = Automatic;
				DEVELOPMENT_TEAM = URKTB657MQ;
				INFOPLIST_FILE = MusicPlayerTests/Info.plist;
				LD_RUNPATH_SEARCH_PATHS = (
					"$(inherited)",
					"@executable_path/Frameworks",
					"@loader_path/Frameworks",
				);
				PRODUCT_BUNDLE_IDENTIFIER = com.gryphonmedia.MusicPlayerTests;
				PRODUCT_NAME = "$(TARGET_NAME)";
				SWIFT_VERSION = 5.0;
				TARGETED_DEVICE_FAMILY = "1,2";
				TEST_HOST = "$(BUILT_PRODUCTS_DIR)/MusicPlayer.app/MusicPlayer";
			};
			name = Release;
		};
/* End XCBuildConfiguration section */

/* Begin XCConfigurationList section */
		721BF9E222BD96F600E4F815 /* Build configuration list for PBXProject "MusicPlayer" */ = {
			isa = XCConfigurationList;
			buildConfigurations = (
				721BFA0422BD96F700E4F815 /* Debug */,
				721BFA0522BD96F700E4F815 /* Release */,
			);
			defaultConfigurationIsVisible = 0;
			defaultConfigurationName = Release;
		};
		721BFA0622BD96F700E4F815 /* Build configuration list for PBXNativeTarget "MusicPlayer" */ = {
			isa = XCConfigurationList;
			buildConfigurations = (
				721BFA0722BD96F700E4F815 /* Debug */,
				721BFA0822BD96F700E4F815 /* Release */,
			);
			defaultConfigurationIsVisible = 0;
			defaultConfigurationName = Release;
		};
		721BFA0922BD96F700E4F815 /* Build configuration list for PBXNativeTarget "MusicPlayerTests" */ = {
			isa = XCConfigurationList;
			buildConfigurations = (
				721BFA0A22BD96F700E4F815 /* Debug */,
				721BFA0B22BD96F700E4F815 /* Release */,
			);
			defaultConfigurationIsVisible = 0;
			defaultConfigurationName = Release;
		};
/* End XCConfigurationList section */
	};
	rootObject = 721BF9DF22BD96F600E4F815 /* Project object */;
}
